
Microsoft Visual Studio Solution File, Format Version 12.00
# Visual Studio Version 17
VisualStudioVersion = 17.7.34024.191
MinimumVisualStudioVersion = 10.0.40219.1
Project("{9A19103F-16F7-4668-BE54-9A1E7A4F7556}") = "les1", "les1\les1.csproj", "{FBD9B476-6380-455B-8432-2396D21D855C}"
EndProject
Project("{9A19103F-16F7-4668-BE54-9A1E7A4F7556}") = "les2", "les2\les2.csproj", "{88E2351F-A2FF-4178-B755-6A1598F62903}"
EndProject
Project("{9A19103F-16F7-4668-BE54-9A1E7A4F7556}") = "les3", "les3\les3.csproj", "{51B084A8-3788-4E64-975A-6BB30910B59D}"
EndProject
Project("{9A19103F-16F7-4668-BE54-9A1E7A4F7556}") = "les4", "les4\les4.csproj", "{937C17A9-D066-4E2E-8E41-7EDB2206AD22}"
EndProject
Project("{9A19103F-16F7-4668-BE54-9A1E7A4F7556}") = "les5-6", "les5\les5-6.csproj", "{EBCE830A-2E65-4C1F-B7B0-F7D6A093A806}"
EndProject
Project("{9A19103F-16F7-4668-BE54-9A1E7A4F7556}") = "les7", "les7\les7.csproj", "{FC8D444C-5214-4935-84F0-43B303AD667B}"
EndProject
Project("{9A19103F-16F7-4668-BE54-9A1E7A4F7556}") = "web1", "web1\web1.csproj", "{5B1C4586-D4A3-43CA-960E-51B95569C8F9}"
EndProject
Project("{9A19103F-16F7-4668-BE54-9A1E7A4F7556}") = "webClient1", "webClient1\webClient1.csproj", "{A491F79D-D48F-4FCC-8BAE-929AE3FC4396}"
EndProject
Project("{9A19103F-16F7-4668-BE54-9A1E7A4F7556}") = "web2", "web2\web2.csproj", "{A6817E60-EB71-45A2-AAC6-6C1958362A7C}"
EndProject
Project("{9A19103F-16F7-4668-BE54-9A1E7A4F7556}") = "web2.1", "web2.1\web2.1.csproj", "{9CFB2BD8-898A-4297-931A-98473DD1A265}"
EndProject
Project("{FAE04EC0-301F-11D3-BF4B-00C04F79EFBC}") = "les8", "les8\les8.csproj", "{37267ABD-5A23-449D-9CC4-568784B3DF6E}"
EndProject
Global
	GlobalSection(SolutionConfigurationPlatforms) = preSolution
		Debug|Any CPU = Debug|Any CPU
		Release|Any CPU = Release|Any CPU
	EndGlobalSection
	GlobalSection(ProjectConfigurationPlatforms) = postSolution
		{FBD9B476-6380-455B-8432-2396D21D855C}.Debug|Any CPU.ActiveCfg = Debug|Any CPU
		{FBD9B476-6380-455B-8432-2396D21D855C}.Debug|Any CPU.Build.0 = Debug|Any CPU
		{FBD9B476-6380-455B-8432-2396D21D855C}.Release|Any CPU.ActiveCfg = Release|Any CPU
		{FBD9B476-6380-455B-8432-2396D21D855C}.Release|Any CPU.Build.0 = Release|Any CPU
		{88E2351F-A2FF-4178-B755-6A1598F62903}.Debug|Any CPU.ActiveCfg = Debug|Any CPU
		{88E2351F-A2FF-4178-B755-6A1598F62903}.Debug|Any CPU.Build.0 = Debug|Any CPU
		{88E2351F-A2FF-4178-B755-6A1598F62903}.Release|Any CPU.ActiveCfg = Release|Any CPU
		{88E2351F-A2FF-4178-B755-6A1598F62903}.Release|Any CPU.Build.0 = Release|Any CPU
		{51B084A8-3788-4E64-975A-6BB30910B59D}.Debug|Any CPU.ActiveCfg = Debug|Any CPU
		{51B084A8-3788-4E64-975A-6BB30910B59D}.Debug|Any CPU.Build.0 = Debug|Any CPU
		{51B084A8-3788-4E64-975A-6BB30910B59D}.Release|Any CPU.ActiveCfg = Release|Any CPU
		{51B084A8-3788-4E64-975A-6BB30910B59D}.Release|Any CPU.Build.0 = Release|Any CPU
		{937C17A9-D066-4E2E-8E41-7EDB2206AD22}.Debug|Any CPU.ActiveCfg = Debug|Any CPU
		{937C17A9-D066-4E2E-8E41-7EDB2206AD22}.Debug|Any CPU.Build.0 = Debug|Any CPU
		{937C17A9-D066-4E2E-8E41-7EDB2206AD22}.Release|Any CPU.ActiveCfg = Release|Any CPU
		{937C17A9-D066-4E2E-8E41-7EDB2206AD22}.Release|Any CPU.Build.0 = Release|Any CPU
		{EBCE830A-2E65-4C1F-B7B0-F7D6A093A806}.Debug|Any CPU.ActiveCfg = Debug|Any CPU
		{EBCE830A-2E65-4C1F-B7B0-F7D6A093A806}.Debug|Any CPU.Build.0 = Debug|Any CPU
		{EBCE830A-2E65-4C1F-B7B0-F7D6A093A806}.Release|Any CPU.ActiveCfg = Release|Any CPU
		{EBCE830A-2E65-4C1F-B7B0-F7D6A093A806}.Release|Any CPU.Build.0 = Release|Any CPU
		{FC8D444C-5214-4935-84F0-43B303AD667B}.Debug|Any CPU.ActiveCfg = Debug|Any CPU
		{FC8D444C-5214-4935-84F0-43B303AD667B}.Debug|Any CPU.Build.0 = Debug|Any CPU
		{FC8D444C-5214-4935-84F0-43B303AD667B}.Release|Any CPU.ActiveCfg = Release|Any CPU
		{FC8D444C-5214-4935-84F0-43B303AD667B}.Release|Any CPU.Build.0 = Release|Any CPU
		{5B1C4586-D4A3-43CA-960E-51B95569C8F9}.Debug|Any CPU.ActiveCfg = Debug|Any CPU
		{5B1C4586-D4A3-43CA-960E-51B95569C8F9}.Debug|Any CPU.Build.0 = Debug|Any CPU
		{5B1C4586-D4A3-43CA-960E-51B95569C8F9}.Release|Any CPU.ActiveCfg = Release|Any CPU
		{5B1C4586-D4A3-43CA-960E-51B95569C8F9}.Release|Any CPU.Build.0 = Release|Any CPU
		{A491F79D-D48F-4FCC-8BAE-929AE3FC4396}.Debug|Any CPU.ActiveCfg = Debug|Any CPU
		{A491F79D-D48F-4FCC-8BAE-929AE3FC4396}.Debug|Any CPU.Build.0 = Debug|Any CPU
		{A491F79D-D48F-4FCC-8BAE-929AE3FC4396}.Release|Any CPU.ActiveCfg = Release|Any CPU
		{A491F79D-D48F-4FCC-8BAE-929AE3FC4396}.Release|Any CPU.Build.0 = Release|Any CPU
		{A6817E60-EB71-45A2-AAC6-6C1958362A7C}.Debug|Any CPU.ActiveCfg = Debug|Any CPU
		{A6817E60-EB71-45A2-AAC6-6C1958362A7C}.Debug|Any CPU.Build.0 = Debug|Any CPU
		{A6817E60-EB71-45A2-AAC6-6C1958362A7C}.Release|Any CPU.ActiveCfg = Release|Any CPU
		{A6817E60-EB71-45A2-AAC6-6C1958362A7C}.Release|Any CPU.Build.0 = Release|Any CPU
		{9CFB2BD8-898A-4297-931A-98473DD1A265}.Debug|Any CPU.ActiveCfg = Debug|Any CPU
		{9CFB2BD8-898A-4297-931A-98473DD1A265}.Debug|Any CPU.Build.0 = Debug|Any CPU
		{9CFB2BD8-898A-4297-931A-98473DD1A265}.Release|Any CPU.ActiveCfg = Release|Any CPU
		{9CFB2BD8-898A-4297-931A-98473DD1A265}.Release|Any CPU.Build.0 = Release|Any CPU
		{37267ABD-5A23-449D-9CC4-568784B3DF6E}.Debug|Any CPU.ActiveCfg = Debug|Any CPU
		{37267ABD-5A23-449D-9CC4-568784B3DF6E}.Debug|Any CPU.Build.0 = Debug|Any CPU
		{37267ABD-5A23-449D-9CC4-568784B3DF6E}.Release|Any CPU.ActiveCfg = Release|Any CPU
		{37267ABD-5A23-449D-9CC4-568784B3DF6E}.Release|Any CPU.Build.0 = Release|Any CPU
	EndGlobalSection
	GlobalSection(SolutionProperties) = preSolution
		HideSolutionNode = FALSE
	EndGlobalSection
	GlobalSection(ExtensibilityGlobals) = postSolution
		SolutionGuid = {FBE8D03E-E1A3-438B-99EE-D65C185FECB1}
	EndGlobalSection
EndGlobal
