
Microsoft Visual Studio Solution File, Format Version 12.00
# Visual Studio Version 17
VisualStudioVersion = 17.7.34024.191
MinimumVisualStudioVersion = 10.0.40219.1
Project("{9A19103F-16F7-4668-BE54-9A1E7A4F7556}") = "les1", "les1\les1.csproj", "{FBD9B476-6380-455B-8432-2396D21D855C}"
EndProject
Project("{9A19103F-16F7-4668-BE54-9A1E7A4F7556}") = "les2", "les2\les2.csproj", "{88E2351F-A2FF-4178-B755-6A1598F62903}"
EndProject
Project("{9A19103F-16F7-4668-BE54-9A1E7A4F7556}") = "les3", "les3\les3.csproj", "{51B084A8-3788-4E64-975A-6BB30910B59D}"
EndProject
Project("{FAE04EC0-301F-11D3-BF4B-00C04F79EFBC}") = "les4", "les4\les4.csproj", "{937C17A9-D066-4E2E-8E41-7EDB2206AD22}"
EndProject
Global
	GlobalSection(SolutionConfigurationPlatforms) = preSolution
		Debug|Any CPU = Debug|Any CPU
		Release|Any CPU = Release|Any CPU
	EndGlobalSection
	GlobalSection(ProjectConfigurationPlatforms) = postSolution
		{FBD9B476-6380-455B-8432-2396D21D855C}.Debug|Any CPU.ActiveCfg = Debug|Any CPU
		{FBD9B476-6380-455B-8432-2396D21D855C}.Debug|Any CPU.Build.0 = Debug|Any CPU
		{FBD9B476-6380-455B-8432-2396D21D855C}.Release|Any CPU.ActiveCfg = Release|Any CPU
		{FBD9B476-6380-455B-8432-2396D21D855C}.Release|Any CPU.Build.0 = Release|Any CPU
		{88E2351F-A2FF-4178-B755-6A1598F62903}.Debug|Any CPU.ActiveCfg = Debug|Any CPU
		{88E2351F-A2FF-4178-B755-6A1598F62903}.Debug|Any CPU.Build.0 = Debug|Any CPU
		{88E2351F-A2FF-4178-B755-6A1598F62903}.Release|Any CPU.ActiveCfg = Release|Any CPU
		{88E2351F-A2FF-4178-B755-6A1598F62903}.Release|Any CPU.Build.0 = Release|Any CPU
		{51B084A8-3788-4E64-975A-6BB30910B59D}.Debug|Any CPU.ActiveCfg = Debug|Any CPU
		{51B084A8-3788-4E64-975A-6BB30910B59D}.Debug|Any CPU.Build.0 = Debug|Any CPU
		{51B084A8-3788-4E64-975A-6BB30910B59D}.Release|Any CPU.ActiveCfg = Release|Any CPU
		{51B084A8-3788-4E64-975A-6BB30910B59D}.Release|Any CPU.Build.0 = Release|Any CPU
		{937C17A9-D066-4E2E-8E41-7EDB2206AD22}.Debug|Any CPU.ActiveCfg = Debug|Any CPU
		{937C17A9-D066-4E2E-8E41-7EDB2206AD22}.Debug|Any CPU.Build.0 = Debug|Any CPU
		{937C17A9-D066-4E2E-8E41-7EDB2206AD22}.Release|Any CPU.ActiveCfg = Release|Any CPU
		{937C17A9-D066-4E2E-8E41-7EDB2206AD22}.Release|Any CPU.Build.0 = Release|Any CPU
	EndGlobalSection
	GlobalSection(SolutionProperties) = preSolution
		HideSolutionNode = FALSE
	EndGlobalSection
	GlobalSection(ExtensibilityGlobals) = postSolution
		SolutionGuid = {FBE8D03E-E1A3-438B-99EE-D65C185FECB1}
	EndGlobalSection
EndGlobal
