
Microsoft Visual Studio Solution File, Format Version 12.00
# Visual Studio Version 17
VisualStudioVersion = 17.7.34024.191
MinimumVisualStudioVersion = 10.0.40219.1
Project("{FAE04EC0-301F-11D3-BF4B-00C04F79EFBC}") = "les1", "les1\les1.csproj", "{FBD9B476-6380-455B-8432-2396D21D855C}"
EndProject
Global
	GlobalSection(SolutionConfigurationPlatforms) = preSolution
		Debug|Any CPU = Debug|Any CPU
		Release|Any CPU = Release|Any CPU
	EndGlobalSection
	GlobalSection(ProjectConfigurationPlatforms) = postSolution
		{FBD9B476-6380-455B-8432-2396D21D855C}.Debug|Any CPU.ActiveCfg = Debug|Any CPU
		{FBD9B476-6380-455B-8432-2396D21D855C}.Debug|Any CPU.Build.0 = Debug|Any CPU
		{FBD9B476-6380-455B-8432-2396D21D855C}.Release|Any CPU.ActiveCfg = Release|Any CPU
		{FBD9B476-6380-455B-8432-2396D21D855C}.Release|Any CPU.Build.0 = Release|Any CPU
	EndGlobalSection
	GlobalSection(SolutionProperties) = preSolution
		HideSolutionNode = FALSE
	EndGlobalSection
	GlobalSection(ExtensibilityGlobals) = postSolution
		SolutionGuid = {FBE8D03E-E1A3-438B-99EE-D65C185FECB1}
	EndGlobalSection
EndGlobal
